// !$*UTF8*$!
{
	archiveVersion = 1;
	classes = {
	};
	objectVersion = 56;
	objects = {

/* Begin PBXBuildFile section */
		DA37871F2C4E207200ED35D1 /* RAScueApp.swift in Sources */ = {isa = PBXBuildFile; fileRef = DA37871E2C4E207200ED35D1 /* RAScueApp.swift */; };
		DA3787212C4E207200ED35D1 /* ContentView.swift in Sources */ = {isa = PBXBuildFile; fileRef = DA3787202C4E207200ED35D1 /* ContentView.swift */; };
		DA3787232C4E207300ED35D1 /* Assets.xcassets in Resources */ = {isa = PBXBuildFile; fileRef = DA3787222C4E207300ED35D1 /* Assets.xcassets */; };
		DA3787262C4E207300ED35D1 /* Preview Assets.xcassets in Resources */ = {isa = PBXBuildFile; fileRef = DA3787252C4E207300ED35D1 /* Preview Assets.xcassets */; };
		DA91DC542C4FC34F0048F371 /* Fonts.swift in Sources */ = {isa = PBXBuildFile; fileRef = DA91DC532C4FC34F0048F371 /* Fonts.swift */; };
		DA91DC562C4FC37A0048F371 /* Typography.swift in Sources */ = {isa = PBXBuildFile; fileRef = DA91DC552C4FC37A0048F371 /* Typography.swift */; };
		DA91DC582C4FC3900048F371 /* SplashScreen.swift in Sources */ = {isa = PBXBuildFile; fileRef = DA91DC572C4FC3900048F371 /* SplashScreen.swift */; };
		DA91DC5E2C4FC4390048F371 /* Pretendard-Regular.otf in Resources */ = {isa = PBXBuildFile; fileRef = DA91DC5B2C4FC4390048F371 /* Pretendard-Regular.otf */; };
		DA91DC5F2C4FC4390048F371 /* Pretendard-SemiBold.otf in Resources */ = {isa = PBXBuildFile; fileRef = DA91DC5C2C4FC4390048F371 /* Pretendard-SemiBold.otf */; };
		DA91DC602C4FC4390048F371 /* Pretendard-Bold.otf in Resources */ = {isa = PBXBuildFile; fileRef = DA91DC5D2C4FC4390048F371 /* Pretendard-Bold.otf */; };
/* End PBXBuildFile section */

/* Begin PBXFileReference section */
		DA37871B2C4E207200ED35D1 /* RAScue.app */ = {isa = PBXFileReference; explicitFileType = wrapper.application; includeInIndex = 0; path = RAScue.app; sourceTree = BUILT_PRODUCTS_DIR; };
		DA37871E2C4E207200ED35D1 /* RAScueApp.swift */ = {isa = PBXFileReference; lastKnownFileType = sourcecode.swift; path = RAScueApp.swift; sourceTree = "<group>"; };
		DA3787202C4E207200ED35D1 /* ContentView.swift */ = {isa = PBXFileReference; lastKnownFileType = sourcecode.swift; path = ContentView.swift; sourceTree = "<group>"; };
		DA3787222C4E207300ED35D1 /* Assets.xcassets */ = {isa = PBXFileReference; lastKnownFileType = folder.assetcatalog; path = Assets.xcassets; sourceTree = "<group>"; };
		DA3787252C4E207300ED35D1 /* Preview Assets.xcassets */ = {isa = PBXFileReference; lastKnownFileType = folder.assetcatalog; path = "Preview Assets.xcassets"; sourceTree = "<group>"; };
		DA91DC532C4FC34F0048F371 /* Fonts.swift */ = {isa = PBXFileReference; lastKnownFileType = sourcecode.swift; path = Fonts.swift; sourceTree = "<group>"; };
		DA91DC552C4FC37A0048F371 /* Typography.swift */ = {isa = PBXFileReference; lastKnownFileType = sourcecode.swift; path = Typography.swift; sourceTree = "<group>"; };
		DA91DC572C4FC3900048F371 /* SplashScreen.swift */ = {isa = PBXFileReference; lastKnownFileType = sourcecode.swift; name = SplashScreen.swift; path = RAScue/Sources/Extenstion/SplashScreen.swift; sourceTree = SOURCE_ROOT; };
		DA91DC592C4FC3DA0048F371 /* Info.plist */ = {isa = PBXFileReference; lastKnownFileType = text.plist; path = Info.plist; sourceTree = "<group>"; };
		DA91DC5B2C4FC4390048F371 /* Pretendard-Regular.otf */ = {isa = PBXFileReference; lastKnownFileType = file; path = "Pretendard-Regular.otf"; sourceTree = "<group>"; };
		DA91DC5C2C4FC4390048F371 /* Pretendard-SemiBold.otf */ = {isa = PBXFileReference; lastKnownFileType = file; path = "Pretendard-SemiBold.otf"; sourceTree = "<group>"; };
		DA91DC5D2C4FC4390048F371 /* Pretendard-Bold.otf */ = {isa = PBXFileReference; lastKnownFileType = file; path = "Pretendard-Bold.otf"; sourceTree = "<group>"; };
/* End PBXFileReference section */

/* Begin PBXFrameworksBuildPhase section */
		DA3787182C4E207200ED35D1 /* Frameworks */ = {
			isa = PBXFrameworksBuildPhase;
			buildActionMask = 2147483647;
			files = (
			);
			runOnlyForDeploymentPostprocessing = 0;
		};
/* End PBXFrameworksBuildPhase section */

/* Begin PBXGroup section */
		DA3787122C4E207200ED35D1 = {
			isa = PBXGroup;
			children = (
				DA37871D2C4E207200ED35D1 /* RAScue */,
				DA37871C2C4E207200ED35D1 /* Products */,
			);
			sourceTree = "<group>";
		};
		DA37871C2C4E207200ED35D1 /* Products */ = {
			isa = PBXGroup;
			children = (
				DA37871B2C4E207200ED35D1 /* RAScue.app */,
			);
			name = Products;
			sourceTree = "<group>";
		};
		DA37871D2C4E207200ED35D1 /* RAScue */ = {
			isa = PBXGroup;
			children = (
				DA91DC592C4FC3DA0048F371 /* Info.plist */,
				DA37872D2C4E208300ED35D1 /* Sources */,
				DA37872C2C4E207C00ED35D1 /* Resources */,
			);
			path = RAScue;
			sourceTree = "<group>";
		};
		DA3787242C4E207300ED35D1 /* Preview Content */ = {
			isa = PBXGroup;
			children = (
				DA3787252C4E207300ED35D1 /* Preview Assets.xcassets */,
			);
			path = "Preview Content";
			sourceTree = "<group>";
		};
		DA37872C2C4E207C00ED35D1 /* Resources */ = {
			isa = PBXGroup;
			children = (
				DA91DC5A2C4FC42B0048F371 /* Fonts */,
				DA37871E2C4E207200ED35D1 /* RAScueApp.swift */,
				DA3787202C4E207200ED35D1 /* ContentView.swift */,
				DA3787222C4E207300ED35D1 /* Assets.xcassets */,
				DA3787242C4E207300ED35D1 /* Preview Content */,
			);
			path = Resources;
			sourceTree = "<group>";
		};
		DA37872D2C4E208300ED35D1 /* Sources */ = {
			isa = PBXGroup;
			children = (
				DA91DC512C4FC3390048F371 /* Components */,
				DA3787312C4E209C00ED35D1 /* Extenstion */,
				DA3787302C4E209A00ED35D1 /* View */,
				DA37872F2C4E209600ED35D1 /* Model */,
				DA37872E2C4E208700ED35D1 /* ViewModel */,
			);
			path = Sources;
			sourceTree = "<group>";
		};
		DA37872E2C4E208700ED35D1 /* ViewModel */ = {
			isa = PBXGroup;
			children = (
			);
			path = ViewModel;
			sourceTree = "<group>";
		};
		DA37872F2C4E209600ED35D1 /* Model */ = {
			isa = PBXGroup;
			children = (
			);
			path = Model;
			sourceTree = "<group>";
		};
		DA3787302C4E209A00ED35D1 /* View */ = {
			isa = PBXGroup;
			children = (
			);
			path = View;
			sourceTree = "<group>";
		};
		DA3787312C4E209C00ED35D1 /* Extenstion */ = {
			isa = PBXGroup;
			children = (
				DA91DC522C4FC3440048F371 /* Enum */,
				DA91DC552C4FC37A0048F371 /* Typography.swift */,
			);
			path = Extenstion;
			sourceTree = "<group>";
		};
		DA91DC512C4FC3390048F371 /* Components */ = {
			isa = PBXGroup;
			children = (
				DA91DC572C4FC3900048F371 /* SplashScreen.swift */,
			);
			name = Components;
			path = RAScue/Sources/Components;
			sourceTree = "<group>";
		};
		DA91DC522C4FC3440048F371 /* Enum */ = {
			isa = PBXGroup;
			children = (
				DA91DC532C4FC34F0048F371 /* Fonts.swift */,
			);
			path = Enum;
			sourceTree = "<group>";
		};
		DA91DC5A2C4FC42B0048F371 /* Fonts */ = {
			isa = PBXGroup;
			children = (
				DA91DC5D2C4FC4390048F371 /* Pretendard-Bold.otf */,
				DA91DC5B2C4FC4390048F371 /* Pretendard-Regular.otf */,
				DA91DC5C2C4FC4390048F371 /* Pretendard-SemiBold.otf */,
			);
			path = Fonts;
			sourceTree = "<group>";
		};
/* End PBXGroup section */

/* Begin PBXNativeTarget section */
		DA37871A2C4E207200ED35D1 /* RAScue */ = {
			isa = PBXNativeTarget;
			buildConfigurationList = DA3787292C4E207300ED35D1 /* Build configuration list for PBXNativeTarget "RAScue" */;
			buildPhases = (
				DA3787172C4E207200ED35D1 /* Sources */,
				DA3787182C4E207200ED35D1 /* Frameworks */,
				DA3787192C4E207200ED35D1 /* Resources */,
			);
			buildRules = (
			);
			dependencies = (
			);
			name = RAScue;
			productName = RAScue;
			productReference = DA37871B2C4E207200ED35D1 /* RAScue.app */;
			productType = "com.apple.product-type.application";
		};
/* End PBXNativeTarget section */

/* Begin PBXProject section */
		DA3787132C4E207200ED35D1 /* Project object */ = {
			isa = PBXProject;
			attributes = {
				BuildIndependentTargetsInParallel = 1;
				LastSwiftUpdateCheck = 1540;
				LastUpgradeCheck = 1540;
				TargetAttributes = {
					DA37871A2C4E207200ED35D1 = {
						CreatedOnToolsVersion = 15.4;
					};
				};
			};
			buildConfigurationList = DA3787162C4E207200ED35D1 /* Build configuration list for PBXProject "RAScue" */;
			compatibilityVersion = "Xcode 14.0";
			developmentRegion = en;
			hasScannedForEncodings = 0;
			knownRegions = (
				en,
				Base,
			);
			mainGroup = DA3787122C4E207200ED35D1;
			productRefGroup = DA37871C2C4E207200ED35D1 /* Products */;
			projectDirPath = "";
			projectRoot = "";
			targets = (
				DA37871A2C4E207200ED35D1 /* RAScue */,
			);
		};
/* End PBXProject section */

/* Begin PBXResourcesBuildPhase section */
		DA3787192C4E207200ED35D1 /* Resources */ = {
			isa = PBXResourcesBuildPhase;
			buildActionMask = 2147483647;
			files = (
				DA3787262C4E207300ED35D1 /* Preview Assets.xcassets in Resources */,
				DA91DC602C4FC4390048F371 /* Pretendard-Bold.otf in Resources */,
				DA91DC5E2C4FC4390048F371 /* Pretendard-Regular.otf in Resources */,
				DA3787232C4E207300ED35D1 /* Assets.xcassets in Resources */,
				DA91DC5F2C4FC4390048F371 /* Pretendard-SemiBold.otf in Resources */,
			);
			runOnlyForDeploymentPostprocessing = 0;
		};
/* End PBXResourcesBuildPhase section */

/* Begin PBXSourcesBuildPhase section */
		DA3787172C4E207200ED35D1 /* Sources */ = {
			isa = PBXSourcesBuildPhase;
			buildActionMask = 2147483647;
			files = (
				DA91DC582C4FC3900048F371 /* SplashScreen.swift in Sources */,
				DA3787212C4E207200ED35D1 /* ContentView.swift in Sources */,
				DA91DC542C4FC34F0048F371 /* Fonts.swift in Sources */,
				DA91DC562C4FC37A0048F371 /* Typography.swift in Sources */,
				DA37871F2C4E207200ED35D1 /* RAScueApp.swift in Sources */,
			);
			runOnlyForDeploymentPostprocessing = 0;
		};
/* End PBXSourcesBuildPhase section */

/* Begin XCBuildConfiguration section */
		DA3787272C4E207300ED35D1 /* Debug */ = {
			isa = XCBuildConfiguration;
			buildSettings = {
				ALWAYS_SEARCH_USER_PATHS = NO;
				ASSETCATALOG_COMPILER_GENERATE_SWIFT_ASSET_SYMBOL_EXTENSIONS = YES;
				CLANG_ANALYZER_NONNULL = YES;
				CLANG_ANALYZER_NUMBER_OBJECT_CONVERSION = YES_AGGRESSIVE;
				CLANG_CXX_LANGUAGE_STANDARD = "gnu++20";
				CLANG_ENABLE_MODULES = YES;
				CLANG_ENABLE_OBJC_ARC = YES;
				CLANG_ENABLE_OBJC_WEAK = YES;
				CLANG_WARN_BLOCK_CAPTURE_AUTORELEASING = YES;
				CLANG_WARN_BOOL_CONVERSION = YES;
				CLANG_WARN_COMMA = YES;
				CLANG_WARN_CONSTANT_CONVERSION = YES;
				CLANG_WARN_DEPRECATED_OBJC_IMPLEMENTATIONS = YES;
				CLANG_WARN_DIRECT_OBJC_ISA_USAGE = YES_ERROR;
				CLANG_WARN_DOCUMENTATION_COMMENTS = YES;
				CLANG_WARN_EMPTY_BODY = YES;
				CLANG_WARN_ENUM_CONVERSION = YES;
				CLANG_WARN_INFINITE_RECURSION = YES;
				CLANG_WARN_INT_CONVERSION = YES;
				CLANG_WARN_NON_LITERAL_NULL_CONVERSION = YES;
				CLANG_WARN_OBJC_IMPLICIT_RETAIN_SELF = YES;
				CLANG_WARN_OBJC_LITERAL_CONVERSION = YES;
				CLANG_WARN_OBJC_ROOT_CLASS = YES_ERROR;
				CLANG_WARN_QUOTED_INCLUDE_IN_FRAMEWORK_HEADER = YES;
				CLANG_WARN_RANGE_LOOP_ANALYSIS = YES;
				CLANG_WARN_STRICT_PROTOTYPES = YES;
				CLANG_WARN_SUSPICIOUS_MOVE = YES;
				CLANG_WARN_UNGUARDED_AVAILABILITY = YES_AGGRESSIVE;
				CLANG_WARN_UNREACHABLE_CODE = YES;
				CLANG_WARN__DUPLICATE_METHOD_MATCH = YES;
				COPY_PHASE_STRIP = NO;
				DEBUG_INFORMATION_FORMAT = dwarf;
				ENABLE_STRICT_OBJC_MSGSEND = YES;
				ENABLE_TESTABILITY = YES;
				ENABLE_USER_SCRIPT_SANDBOXING = YES;
				GCC_C_LANGUAGE_STANDARD = gnu17;
				GCC_DYNAMIC_NO_PIC = NO;
				GCC_NO_COMMON_BLOCKS = YES;
				GCC_OPTIMIZATION_LEVEL = 0;
				GCC_PREPROCESSOR_DEFINITIONS = (
					"DEBUG=1",
					"$(inherited)",
				);
				GCC_WARN_64_TO_32_BIT_CONVERSION = YES;
				GCC_WARN_ABOUT_RETURN_TYPE = YES_ERROR;
				GCC_WARN_UNDECLARED_SELECTOR = YES;
				GCC_WARN_UNINITIALIZED_AUTOS = YES_AGGRESSIVE;
				GCC_WARN_UNUSED_FUNCTION = YES;
				GCC_WARN_UNUSED_VARIABLE = YES;
				IPHONEOS_DEPLOYMENT_TARGET = 17.5;
				LOCALIZATION_PREFERS_STRING_CATALOGS = YES;
				MTL_ENABLE_DEBUG_INFO = INCLUDE_SOURCE;
				MTL_FAST_MATH = YES;
				ONLY_ACTIVE_ARCH = YES;
				SDKROOT = iphoneos;
				SWIFT_ACTIVE_COMPILATION_CONDITIONS = "DEBUG $(inherited)";
				SWIFT_OPTIMIZATION_LEVEL = "-Onone";
			};
			name = Debug;
		};
		DA3787282C4E207300ED35D1 /* Release */ = {
			isa = XCBuildConfiguration;
			buildSettings = {
				ALWAYS_SEARCH_USER_PATHS = NO;
				ASSETCATALOG_COMPILER_GENERATE_SWIFT_ASSET_SYMBOL_EXTENSIONS = YES;
				CLANG_ANALYZER_NONNULL = YES;
				CLANG_ANALYZER_NUMBER_OBJECT_CONVERSION = YES_AGGRESSIVE;
				CLANG_CXX_LANGUAGE_STANDARD = "gnu++20";
				CLANG_ENABLE_MODULES = YES;
				CLANG_ENABLE_OBJC_ARC = YES;
				CLANG_ENABLE_OBJC_WEAK = YES;
				CLANG_WARN_BLOCK_CAPTURE_AUTORELEASING = YES;
				CLANG_WARN_BOOL_CONVERSION = YES;
				CLANG_WARN_COMMA = YES;
				CLANG_WARN_CONSTANT_CONVERSION = YES;
				CLANG_WARN_DEPRECATED_OBJC_IMPLEMENTATIONS = YES;
				CLANG_WARN_DIRECT_OBJC_ISA_USAGE = YES_ERROR;
				CLANG_WARN_DOCUMENTATION_COMMENTS = YES;
				CLANG_WARN_EMPTY_BODY = YES;
				CLANG_WARN_ENUM_CONVERSION = YES;
				CLANG_WARN_INFINITE_RECURSION = YES;
				CLANG_WARN_INT_CONVERSION = YES;
				CLANG_WARN_NON_LITERAL_NULL_CONVERSION = YES;
				CLANG_WARN_OBJC_IMPLICIT_RETAIN_SELF = YES;
				CLANG_WARN_OBJC_LITERAL_CONVERSION = YES;
				CLANG_WARN_OBJC_ROOT_CLASS = YES_ERROR;
				CLANG_WARN_QUOTED_INCLUDE_IN_FRAMEWORK_HEADER = YES;
				CLANG_WARN_RANGE_LOOP_ANALYSIS = YES;
				CLANG_WARN_STRICT_PROTOTYPES = YES;
				CLANG_WARN_SUSPICIOUS_MOVE = YES;
				CLANG_WARN_UNGUARDED_AVAILABILITY = YES_AGGRESSIVE;
				CLANG_WARN_UNREACHABLE_CODE = YES;
				CLANG_WARN__DUPLICATE_METHOD_MATCH = YES;
				COPY_PHASE_STRIP = NO;
				DEBUG_INFORMATION_FORMAT = "dwarf-with-dsym";
				ENABLE_NS_ASSERTIONS = NO;
				ENABLE_STRICT_OBJC_MSGSEND = YES;
				ENABLE_USER_SCRIPT_SANDBOXING = YES;
				GCC_C_LANGUAGE_STANDARD = gnu17;
				GCC_NO_COMMON_BLOCKS = YES;
				GCC_WARN_64_TO_32_BIT_CONVERSION = YES;
				GCC_WARN_ABOUT_RETURN_TYPE = YES_ERROR;
				GCC_WARN_UNDECLARED_SELECTOR = YES;
				GCC_WARN_UNINITIALIZED_AUTOS = YES_AGGRESSIVE;
				GCC_WARN_UNUSED_FUNCTION = YES;
				GCC_WARN_UNUSED_VARIABLE = YES;
				IPHONEOS_DEPLOYMENT_TARGET = 17.5;
				LOCALIZATION_PREFERS_STRING_CATALOGS = YES;
				MTL_ENABLE_DEBUG_INFO = NO;
				MTL_FAST_MATH = YES;
				SDKROOT = iphoneos;
				SWIFT_COMPILATION_MODE = wholemodule;
				VALIDATE_PRODUCT = YES;
			};
			name = Release;
		};
		DA37872A2C4E207300ED35D1 /* Debug */ = {
			isa = XCBuildConfiguration;
			buildSettings = {
				ASSETCATALOG_COMPILER_APPICON_NAME = AppIcon;
				ASSETCATALOG_COMPILER_GLOBAL_ACCENT_COLOR_NAME = AccentColor;
				CODE_SIGN_STYLE = Automatic;
				CURRENT_PROJECT_VERSION = 1;
				DEVELOPMENT_ASSET_PATHS = "\"RAScue/Resources/Preview Content\"";
				DEVELOPMENT_TEAM = L9WZF9J89T;
				ENABLE_PREVIEWS = YES;
				GENERATE_INFOPLIST_FILE = YES;
				INFOPLIST_FILE = RAScue/Info.plist;
				INFOPLIST_KEY_UIApplicationSceneManifest_Generation = YES;
				INFOPLIST_KEY_UIApplicationSupportsIndirectInputEvents = YES;
				INFOPLIST_KEY_UILaunchScreen_Generation = YES;
				INFOPLIST_KEY_UISupportedInterfaceOrientations_iPad = "UIInterfaceOrientationPortrait UIInterfaceOrientationPortraitUpsideDown UIInterfaceOrientationLandscapeLeft UIInterfaceOrientationLandscapeRight";
				INFOPLIST_KEY_UISupportedInterfaceOrientations_iPhone = "UIInterfaceOrientationPortrait UIInterfaceOrientationLandscapeLeft UIInterfaceOrientationLandscapeRight";
				LD_RUNPATH_SEARCH_PATHS = (
					"$(inherited)",
					"@executable_path/Frameworks",
				);
				MARKETING_VERSION = 1.0;
				PRODUCT_BUNDLE_IDENTIFIER = noob3er.com.RAScue;
				PRODUCT_NAME = "$(TARGET_NAME)";
				SWIFT_EMIT_LOC_STRINGS = YES;
				SWIFT_VERSION = 5.0;
				TARGETED_DEVICE_FAMILY = "1,2";
			};
			name = Debug;
		};
		DA37872B2C4E207300ED35D1 /* Release */ = {
			isa = XCBuildConfiguration;
			buildSettings = {
				ASSETCATALOG_COMPILER_APPICON_NAME = AppIcon;
				ASSETCATALOG_COMPILER_GLOBAL_ACCENT_COLOR_NAME = AccentColor;
				CODE_SIGN_STYLE = Automatic;
				CURRENT_PROJECT_VERSION = 1;
				DEVELOPMENT_ASSET_PATHS = "\"RAScue/Resources/Preview Content\"";
				DEVELOPMENT_TEAM = L9WZF9J89T;
				ENABLE_PREVIEWS = YES;
				GENERATE_INFOPLIST_FILE = YES;
				INFOPLIST_FILE = RAScue/Info.plist;
				INFOPLIST_KEY_UIApplicationSceneManifest_Generation = YES;
				INFOPLIST_KEY_UIApplicationSupportsIndirectInputEvents = YES;
				INFOPLIST_KEY_UILaunchScreen_Generation = YES;
				INFOPLIST_KEY_UISupportedInterfaceOrientations_iPad = "UIInterfaceOrientationPortrait UIInterfaceOrientationPortraitUpsideDown UIInterfaceOrientationLandscapeLeft UIInterfaceOrientationLandscapeRight";
				INFOPLIST_KEY_UISupportedInterfaceOrientations_iPhone = "UIInterfaceOrientationPortrait UIInterfaceOrientationLandscapeLeft UIInterfaceOrientationLandscapeRight";
				LD_RUNPATH_SEARCH_PATHS = (
					"$(inherited)",
					"@executable_path/Frameworks",
				);
				MARKETING_VERSION = 1.0;
				PRODUCT_BUNDLE_IDENTIFIER = noob3er.com.RAScue;
				PRODUCT_NAME = "$(TARGET_NAME)";
				SWIFT_EMIT_LOC_STRINGS = YES;
				SWIFT_VERSION = 5.0;
				TARGETED_DEVICE_FAMILY = "1,2";
			};
			name = Release;
		};
/* End XCBuildConfiguration section */

/* Begin XCConfigurationList section */
		DA3787162C4E207200ED35D1 /* Build configuration list for PBXProject "RAScue" */ = {
			isa = XCConfigurationList;
			buildConfigurations = (
				DA3787272C4E207300ED35D1 /* Debug */,
				DA3787282C4E207300ED35D1 /* Release */,
			);
			defaultConfigurationIsVisible = 0;
			defaultConfigurationName = Release;
		};
		DA3787292C4E207300ED35D1 /* Build configuration list for PBXNativeTarget "RAScue" */ = {
			isa = XCConfigurationList;
			buildConfigurations = (
				DA37872A2C4E207300ED35D1 /* Debug */,
				DA37872B2C4E207300ED35D1 /* Release */,
			);
			defaultConfigurationIsVisible = 0;
			defaultConfigurationName = Release;
		};
/* End XCConfigurationList section */
	};
	rootObject = DA3787132C4E207200ED35D1 /* Project object */;
}
